// !$*UTF8*$!
{
	archiveVersion = 1;
	classes = {
	};
	objectVersion = 56;
	objects = {

/* Begin PBXBuildFile section */
		367871CB2CA06A0D000AC951 /* AppDelegate.swift in Sources */ = {isa = PBXBuildFile; fileRef = 367871CA2CA06A0D000AC951 /* AppDelegate.swift */; };
		367871CD2CA06A0D000AC951 /* SceneDelegate.swift in Sources */ = {isa = PBXBuildFile; fileRef = 367871CC2CA06A0D000AC951 /* SceneDelegate.swift */; };
		367871CF2CA06A0D000AC951 /* ViewController.swift in Sources */ = {isa = PBXBuildFile; fileRef = 367871CE2CA06A0D000AC951 /* ViewController.swift */; };
		367871D22CA06A0D000AC951 /* Base in Resources */ = {isa = PBXBuildFile; fileRef = 367871D12CA06A0D000AC951 /* Base */; };
		367871D52CA06A0D000AC951 /* LittleProduct.xcdatamodeld in Sources */ = {isa = PBXBuildFile; fileRef = 367871D32CA06A0D000AC951 /* LittleProduct.xcdatamodeld */; };
		367871D72CA06A0F000AC951 /* Assets.xcassets in Resources */ = {isa = PBXBuildFile; fileRef = 367871D62CA06A0F000AC951 /* Assets.xcassets */; };
		367871DA2CA06A0F000AC951 /* Base in Resources */ = {isa = PBXBuildFile; fileRef = 367871D92CA06A0F000AC951 /* Base */; };
		58CE13092D33CF8C5DFC320E /* Pods_LittleProduct.framework in Frameworks */ = {isa = PBXBuildFile; fileRef = DC79596EE40CB13D9DCB7A1D /* Pods_LittleProduct.framework */; };
/* End PBXBuildFile section */

/* Begin PBXFileReference section */
		367871C72CA06A0D000AC951 /* LittleProduct.app */ = {isa = PBXFileReference; explicitFileType = wrapper.application; includeInIndex = 0; path = LittleProduct.app; sourceTree = BUILT_PRODUCTS_DIR; };
		367871CA2CA06A0D000AC951 /* AppDelegate.swift */ = {isa = PBXFileReference; lastKnownFileType = sourcecode.swift; path = AppDelegate.swift; sourceTree = "<group>"; };
		367871CC2CA06A0D000AC951 /* SceneDelegate.swift */ = {isa = PBXFileReference; lastKnownFileType = sourcecode.swift; path = SceneDelegate.swift; sourceTree = "<group>"; };
		367871CE2CA06A0D000AC951 /* ViewController.swift */ = {isa = PBXFileReference; lastKnownFileType = sourcecode.swift; path = ViewController.swift; sourceTree = "<group>"; };
		367871D12CA06A0D000AC951 /* Base */ = {isa = PBXFileReference; lastKnownFileType = file.storyboard; name = Base; path = Base.lproj/Main.storyboard; sourceTree = "<group>"; };
		367871D42CA06A0D000AC951 /* LittleProduct.xcdatamodel */ = {isa = PBXFileReference; lastKnownFileType = wrapper.xcdatamodel; path = LittleProduct.xcdatamodel; sourceTree = "<group>"; };
		367871D62CA06A0F000AC951 /* Assets.xcassets */ = {isa = PBXFileReference; lastKnownFileType = folder.assetcatalog; path = Assets.xcassets; sourceTree = "<group>"; };
		367871D92CA06A0F000AC951 /* Base */ = {isa = PBXFileReference; lastKnownFileType = file.storyboard; name = Base; path = Base.lproj/LaunchScreen.storyboard; sourceTree = "<group>"; };
		367871DB2CA06A0F000AC951 /* Info.plist */ = {isa = PBXFileReference; lastKnownFileType = text.plist.xml; path = Info.plist; sourceTree = "<group>"; };
		39217FBFE5163D163C8936EA /* Pods-LittleProduct.release.xcconfig */ = {isa = PBXFileReference; includeInIndex = 1; lastKnownFileType = text.xcconfig; name = "Pods-LittleProduct.release.xcconfig"; path = "Target Support Files/Pods-LittleProduct/Pods-LittleProduct.release.xcconfig"; sourceTree = "<group>"; };
		DC79596EE40CB13D9DCB7A1D /* Pods_LittleProduct.framework */ = {isa = PBXFileReference; explicitFileType = wrapper.framework; includeInIndex = 0; path = Pods_LittleProduct.framework; sourceTree = BUILT_PRODUCTS_DIR; };
		DEBD5AA3E1F73801A920CA8C /* Pods-LittleProduct.debug.xcconfig */ = {isa = PBXFileReference; includeInIndex = 1; lastKnownFileType = text.xcconfig; name = "Pods-LittleProduct.debug.xcconfig"; path = "Target Support Files/Pods-LittleProduct/Pods-LittleProduct.debug.xcconfig"; sourceTree = "<group>"; };
/* End PBXFileReference section */

/* Begin PBXFrameworksBuildPhase section */
		367871C42CA06A0D000AC951 /* Frameworks */ = {
			isa = PBXFrameworksBuildPhase;
			buildActionMask = 2147483647;
			files = (
				58CE13092D33CF8C5DFC320E /* Pods_LittleProduct.framework in Frameworks */,
			);
			runOnlyForDeploymentPostprocessing = 0;
		};
/* End PBXFrameworksBuildPhase section */

/* Begin PBXGroup section */
		367871BE2CA06A0D000AC951 = {
			isa = PBXGroup;
			children = (
				367871C92CA06A0D000AC951 /* LittleProduct */,
				367871C82CA06A0D000AC951 /* Products */,
				AEB19369E1B92B07AD3DC2EB /* Pods */,
				3820DD51CEA44258EF38777F /* Frameworks */,
			);
			sourceTree = "<group>";
		};
		367871C82CA06A0D000AC951 /* Products */ = {
			isa = PBXGroup;
			children = (
				367871C72CA06A0D000AC951 /* LittleProduct.app */,
			);
			name = Products;
			sourceTree = "<group>";
		};
		367871C92CA06A0D000AC951 /* LittleProduct */ = {
			isa = PBXGroup;
			children = (
				367871CA2CA06A0D000AC951 /* AppDelegate.swift */,
				367871CC2CA06A0D000AC951 /* SceneDelegate.swift */,
				367871CE2CA06A0D000AC951 /* ViewController.swift */,
				367871D02CA06A0D000AC951 /* Main.storyboard */,
				367871D62CA06A0F000AC951 /* Assets.xcassets */,
				367871D82CA06A0F000AC951 /* LaunchScreen.storyboard */,
				367871DB2CA06A0F000AC951 /* Info.plist */,
				367871D32CA06A0D000AC951 /* LittleProduct.xcdatamodeld */,
			);
			path = LittleProduct;
			sourceTree = "<group>";
		};
		3820DD51CEA44258EF38777F /* Frameworks */ = {
			isa = PBXGroup;
			children = (
				DC79596EE40CB13D9DCB7A1D /* Pods_LittleProduct.framework */,
			);
			name = Frameworks;
			sourceTree = "<group>";
		};
		AEB19369E1B92B07AD3DC2EB /* Pods */ = {
			isa = PBXGroup;
			children = (
				DEBD5AA3E1F73801A920CA8C /* Pods-LittleProduct.debug.xcconfig */,
				39217FBFE5163D163C8936EA /* Pods-LittleProduct.release.xcconfig */,
			);
			path = Pods;
			sourceTree = "<group>";
		};
/* End PBXGroup section */

/* Begin PBXNativeTarget section */
		367871C62CA06A0D000AC951 /* LittleProduct */ = {
			isa = PBXNativeTarget;
			buildConfigurationList = 367871DE2CA06A0F000AC951 /* Build configuration list for PBXNativeTarget "LittleProduct" */;
			buildPhases = (
				89B1E6406D163248A340C36D /* [CP] Check Pods Manifest.lock */,
				367871C32CA06A0D000AC951 /* Sources */,
				367871C42CA06A0D000AC951 /* Frameworks */,
				367871C52CA06A0D000AC951 /* Resources */,
				58ED4EB7CF41152670D6D2E1 /* [CP] Embed Pods Frameworks */,
			);
			buildRules = (
			);
			dependencies = (
			);
			name = LittleProduct;
			productName = LittleProduct;
			productReference = 367871C72CA06A0D000AC951 /* LittleProduct.app */;
			productType = "com.apple.product-type.application";
		};
/* End PBXNativeTarget section */

/* Begin PBXProject section */
		367871BF2CA06A0D000AC951 /* Project object */ = {
			isa = PBXProject;
			attributes = {
				BuildIndependentTargetsInParallel = 1;
				LastSwiftUpdateCheck = 1540;
				LastUpgradeCheck = 1540;
				TargetAttributes = {
					367871C62CA06A0D000AC951 = {
						CreatedOnToolsVersion = 15.4;
					};
				};
			};
			buildConfigurationList = 367871C22CA06A0D000AC951 /* Build configuration list for PBXProject "LittleProduct" */;
			compatibilityVersion = "Xcode 14.0";
			developmentRegion = en;
			hasScannedForEncodings = 0;
			knownRegions = (
				en,
				Base,
			);
			mainGroup = 367871BE2CA06A0D000AC951;
			productRefGroup = 367871C82CA06A0D000AC951 /* Products */;
			projectDirPath = "";
			projectRoot = "";
			targets = (
				367871C62CA06A0D000AC951 /* LittleProduct */,
			);
		};
/* End PBXProject section */

/* Begin PBXResourcesBuildPhase section */
		367871C52CA06A0D000AC951 /* Resources */ = {
			isa = PBXResourcesBuildPhase;
			buildActionMask = 2147483647;
			files = (
				367871D72CA06A0F000AC951 /* Assets.xcassets in Resources */,
				367871DA2CA06A0F000AC951 /* Base in Resources */,
				367871D22CA06A0D000AC951 /* Base in Resources */,
			);
			runOnlyForDeploymentPostprocessing = 0;
		};
/* End PBXResourcesBuildPhase section */

/* Begin PBXShellScriptBuildPhase section */
		58ED4EB7CF41152670D6D2E1 /* [CP] Embed Pods Frameworks */ = {
			isa = PBXShellScriptBuildPhase;
			buildActionMask = 2147483647;
			files = (
			);
			inputFileListPaths = (
				"${PODS_ROOT}/Target Support Files/Pods-LittleProduct/Pods-LittleProduct-frameworks-${CONFIGURATION}-input-files.xcfilelist",
			);
			name = "[CP] Embed Pods Frameworks";
			outputFileListPaths = (
				"${PODS_ROOT}/Target Support Files/Pods-LittleProduct/Pods-LittleProduct-frameworks-${CONFIGURATION}-output-files.xcfilelist",
			);
			runOnlyForDeploymentPostprocessing = 0;
			shellPath = /bin/sh;
			shellScript = "\"${PODS_ROOT}/Target Support Files/Pods-LittleProduct/Pods-LittleProduct-frameworks.sh\"\n";
			showEnvVarsInLog = 0;
		};
		89B1E6406D163248A340C36D /* [CP] Check Pods Manifest.lock */ = {
			isa = PBXShellScriptBuildPhase;
			buildActionMask = 2147483647;
			files = (
			);
			inputFileListPaths = (
			);
			inputPaths = (
				"${PODS_PODFILE_DIR_PATH}/Podfile.lock",
				"${PODS_ROOT}/Manifest.lock",
			);
			name = "[CP] Check Pods Manifest.lock";
			outputFileListPaths = (
			);
			outputPaths = (
				"$(DERIVED_FILE_DIR)/Pods-LittleProduct-checkManifestLockResult.txt",
			);
			runOnlyForDeploymentPostprocessing = 0;
			shellPath = /bin/sh;
			shellScript = "diff \"${PODS_PODFILE_DIR_PATH}/Podfile.lock\" \"${PODS_ROOT}/Manifest.lock\" > /dev/null\nif [ $? != 0 ] ; then\n    # print error to STDERR\n    echo \"error: The sandbox is not in sync with the Podfile.lock. Run 'pod install' or update your CocoaPods installation.\" >&2\n    exit 1\nfi\n# This output is used by Xcode 'outputs' to avoid re-running this script phase.\necho \"SUCCESS\" > \"${SCRIPT_OUTPUT_FILE_0}\"\n";
			showEnvVarsInLog = 0;
		};
/* End PBXShellScriptBuildPhase section */

/* Begin PBXSourcesBuildPhase section */
		367871C32CA06A0D000AC951 /* Sources */ = {
			isa = PBXSourcesBuildPhase;
			buildActionMask = 2147483647;
			files = (
				367871CF2CA06A0D000AC951 /* ViewController.swift in Sources */,
				367871D52CA06A0D000AC951 /* LittleProduct.xcdatamodeld in Sources */,
				367871CB2CA06A0D000AC951 /* AppDelegate.swift in Sources */,
				367871CD2CA06A0D000AC951 /* SceneDelegate.swift in Sources */,
			);
			runOnlyForDeploymentPostprocessing = 0;
		};
/* End PBXSourcesBuildPhase section */

/* Begin PBXVariantGroup section */
		367871D02CA06A0D000AC951 /* Main.storyboard */ = {
			isa = PBXVariantGroup;
			children = (
				367871D12CA06A0D000AC951 /* Base */,
			);
			name = Main.storyboard;
			sourceTree = "<group>";
		};
		367871D82CA06A0F000AC951 /* LaunchScreen.storyboard */ = {
			isa = PBXVariantGroup;
			children = (
				367871D92CA06A0F000AC951 /* Base */,
			);
			name = LaunchScreen.storyboard;
			sourceTree = "<group>";
		};
/* End PBXVariantGroup section */

/* Begin XCBuildConfiguration section */
		367871DC2CA06A0F000AC951 /* Debug */ = {
			isa = XCBuildConfiguration;
			buildSettings = {
				ALWAYS_SEARCH_USER_PATHS = NO;
				ASSETCATALOG_COMPILER_GENERATE_SWIFT_ASSET_SYMBOL_EXTENSIONS = YES;
				CLANG_ANALYZER_NONNULL = YES;
				CLANG_ANALYZER_NUMBER_OBJECT_CONVERSION = YES_AGGRESSIVE;
				CLANG_CXX_LANGUAGE_STANDARD = "gnu++20";
				CLANG_ENABLE_MODULES = YES;
				CLANG_ENABLE_OBJC_ARC = YES;
				CLANG_ENABLE_OBJC_WEAK = YES;
				CLANG_WARN_BLOCK_CAPTURE_AUTORELEASING = YES;
				CLANG_WARN_BOOL_CONVERSION = YES;
				CLANG_WARN_COMMA = YES;
				CLANG_WARN_CONSTANT_CONVERSION = YES;
				CLANG_WARN_DEPRECATED_OBJC_IMPLEMENTATIONS = YES;
				CLANG_WARN_DIRECT_OBJC_ISA_USAGE = YES_ERROR;
				CLANG_WARN_DOCUMENTATION_COMMENTS = YES;
				CLANG_WARN_EMPTY_BODY = YES;
				CLANG_WARN_ENUM_CONVERSION = YES;
				CLANG_WARN_INFINITE_RECURSION = YES;
				CLANG_WARN_INT_CONVERSION = YES;
				CLANG_WARN_NON_LITERAL_NULL_CONVERSION = YES;
				CLANG_WARN_OBJC_IMPLICIT_RETAIN_SELF = YES;
				CLANG_WARN_OBJC_LITERAL_CONVERSION = YES;
				CLANG_WARN_OBJC_ROOT_CLASS = YES_ERROR;
				CLANG_WARN_QUOTED_INCLUDE_IN_FRAMEWORK_HEADER = YES;
				CLANG_WARN_RANGE_LOOP_ANALYSIS = YES;
				CLANG_WARN_STRICT_PROTOTYPES = YES;
				CLANG_WARN_SUSPICIOUS_MOVE = YES;
				CLANG_WARN_UNGUARDED_AVAILABILITY = YES_AGGRESSIVE;
				CLANG_WARN_UNREACHABLE_CODE = YES;
				CLANG_WARN__DUPLICATE_METHOD_MATCH = YES;
				COPY_PHASE_STRIP = NO;
				DEBUG_INFORMATION_FORMAT = dwarf;
				ENABLE_STRICT_OBJC_MSGSEND = YES;
				ENABLE_TESTABILITY = YES;
				ENABLE_USER_SCRIPT_SANDBOXING = YES;
				GCC_C_LANGUAGE_STANDARD = gnu17;
				GCC_DYNAMIC_NO_PIC = NO;
				GCC_NO_COMMON_BLOCKS = YES;
				GCC_OPTIMIZATION_LEVEL = 0;
				GCC_PREPROCESSOR_DEFINITIONS = (
					"DEBUG=1",
					"$(inherited)",
				);
				GCC_WARN_64_TO_32_BIT_CONVERSION = YES;
				GCC_WARN_ABOUT_RETURN_TYPE = YES_ERROR;
				GCC_WARN_UNDECLARED_SELECTOR = YES;
				GCC_WARN_UNINITIALIZED_AUTOS = YES_AGGRESSIVE;
				GCC_WARN_UNUSED_FUNCTION = YES;
				GCC_WARN_UNUSED_VARIABLE = YES;
				IPHONEOS_DEPLOYMENT_TARGET = 17.5;
				LOCALIZATION_PREFERS_STRING_CATALOGS = YES;
				MTL_ENABLE_DEBUG_INFO = INCLUDE_SOURCE;
				MTL_FAST_MATH = YES;
				ONLY_ACTIVE_ARCH = YES;
				SDKROOT = iphoneos;
				SWIFT_ACTIVE_COMPILATION_CONDITIONS = "DEBUG $(inherited)";
				SWIFT_OPTIMIZATION_LEVEL = "-Onone";
			};
			name = Debug;
		};
		367871DD2CA06A0F000AC951 /* Release */ = {
			isa = XCBuildConfiguration;
			buildSettings = {
				ALWAYS_SEARCH_USER_PATHS = NO;
				ASSETCATALOG_COMPILER_GENERATE_SWIFT_ASSET_SYMBOL_EXTENSIONS = YES;
				CLANG_ANALYZER_NONNULL = YES;
				CLANG_ANALYZER_NUMBER_OBJECT_CONVERSION = YES_AGGRESSIVE;
				CLANG_CXX_LANGUAGE_STANDARD = "gnu++20";
				CLANG_ENABLE_MODULES = YES;
				CLANG_ENABLE_OBJC_ARC = YES;
				CLANG_ENABLE_OBJC_WEAK = YES;
				CLANG_WARN_BLOCK_CAPTURE_AUTORELEASING = YES;
				CLANG_WARN_BOOL_CONVERSION = YES;
				CLANG_WARN_COMMA = YES;
				CLANG_WARN_CONSTANT_CONVERSION = YES;
				CLANG_WARN_DEPRECATED_OBJC_IMPLEMENTATIONS = YES;
				CLANG_WARN_DIRECT_OBJC_ISA_USAGE = YES_ERROR;
				CLANG_WARN_DOCUMENTATION_COMMENTS = YES;
				CLANG_WARN_EMPTY_BODY = YES;
				CLANG_WARN_ENUM_CONVERSION = YES;
				CLANG_WARN_INFINITE_RECURSION = YES;
				CLANG_WARN_INT_CONVERSION = YES;
				CLANG_WARN_NON_LITERAL_NULL_CONVERSION = YES;
				CLANG_WARN_OBJC_IMPLICIT_RETAIN_SELF = YES;
				CLANG_WARN_OBJC_LITERAL_CONVERSION = YES;
				CLANG_WARN_OBJC_ROOT_CLASS = YES_ERROR;
				CLANG_WARN_QUOTED_INCLUDE_IN_FRAMEWORK_HEADER = YES;
				CLANG_WARN_RANGE_LOOP_ANALYSIS = YES;
				CLANG_WARN_STRICT_PROTOTYPES = YES;
				CLANG_WARN_SUSPICIOUS_MOVE = YES;
				CLANG_WARN_UNGUARDED_AVAILABILITY = YES_AGGRESSIVE;
				CLANG_WARN_UNREACHABLE_CODE = YES;
				CLANG_WARN__DUPLICATE_METHOD_MATCH = YES;
				COPY_PHASE_STRIP = NO;
				DEBUG_INFORMATION_FORMAT = "dwarf-with-dsym";
				ENABLE_NS_ASSERTIONS = NO;
				ENABLE_STRICT_OBJC_MSGSEND = YES;
				ENABLE_USER_SCRIPT_SANDBOXING = YES;
				GCC_C_LANGUAGE_STANDARD = gnu17;
				GCC_NO_COMMON_BLOCKS = YES;
				GCC_WARN_64_TO_32_BIT_CONVERSION = YES;
				GCC_WARN_ABOUT_RETURN_TYPE = YES_ERROR;
				GCC_WARN_UNDECLARED_SELECTOR = YES;
				GCC_WARN_UNINITIALIZED_AUTOS = YES_AGGRESSIVE;
				GCC_WARN_UNUSED_FUNCTION = YES;
				GCC_WARN_UNUSED_VARIABLE = YES;
				IPHONEOS_DEPLOYMENT_TARGET = 17.5;
				LOCALIZATION_PREFERS_STRING_CATALOGS = YES;
				MTL_ENABLE_DEBUG_INFO = NO;
				MTL_FAST_MATH = YES;
				SDKROOT = iphoneos;
				SWIFT_COMPILATION_MODE = wholemodule;
				VALIDATE_PRODUCT = YES;
			};
			name = Release;
		};
		367871DF2CA06A0F000AC951 /* Debug */ = {
			isa = XCBuildConfiguration;
			baseConfigurationReference = DEBD5AA3E1F73801A920CA8C /* Pods-LittleProduct.debug.xcconfig */;
			buildSettings = {
				ASSETCATALOG_COMPILER_APPICON_NAME = AppIcon;
				ASSETCATALOG_COMPILER_GLOBAL_ACCENT_COLOR_NAME = AccentColor;
				CODE_SIGN_STYLE = Automatic;
				CURRENT_PROJECT_VERSION = 1;
				ENABLE_USER_SCRIPT_SANDBOXING = NO;
				GENERATE_INFOPLIST_FILE = YES;
				INFOPLIST_FILE = LittleProduct/Info.plist;
				INFOPLIST_KEY_CFBundleDisplayName = "阿伦小粉书";
				INFOPLIST_KEY_UIApplicationSupportsIndirectInputEvents = YES;
				INFOPLIST_KEY_UILaunchStoryboardName = LaunchScreen;
				INFOPLIST_KEY_UIMainStoryboardFile = Main;
				INFOPLIST_KEY_UIStatusBarHidden = NO;
				INFOPLIST_KEY_UIStatusBarStyle = "";
				INFOPLIST_KEY_UISupportedInterfaceOrientations = UIInterfaceOrientationPortrait;
				IPHONEOS_DEPLOYMENT_TARGET = 15.0;
				LD_RUNPATH_SEARCH_PATHS = (
					"$(inherited)",
					"@executable_path/Frameworks",
				);
				MARKETING_VERSION = 1.0.0;
				PRODUCT_BUNDLE_IDENTIFIER = nowYouCanSee.org.LittleProduct;
				PRODUCT_NAME = "$(TARGET_NAME)";
				SUPPORTED_PLATFORMS = "iphoneos iphonesimulator";
				SUPPORTS_MACCATALYST = NO;
				SUPPORTS_MAC_DESIGNED_FOR_IPHONE_IPAD = NO;
				SUPPORTS_XR_DESIGNED_FOR_IPHONE_IPAD = NO;
				SWIFT_EMIT_LOC_STRINGS = YES;
				SWIFT_VERSION = 5.0;
				TARGETED_DEVICE_FAMILY = "1,2";
			};
			name = Debug;
		};
		367871E02CA06A0F000AC951 /* Release */ = {
			isa = XCBuildConfiguration;
			baseConfigurationReference = 39217FBFE5163D163C8936EA /* Pods-LittleProduct.release.xcconfig */;
			buildSettings = {
				ASSETCATALOG_COMPILER_APPICON_NAME = AppIcon;
				ASSETCATALOG_COMPILER_GLOBAL_ACCENT_COLOR_NAME = AccentColor;
				CODE_SIGN_STYLE = Automatic;
				CURRENT_PROJECT_VERSION = 1;
				ENABLE_USER_SCRIPT_SANDBOXING = NO;
				GENERATE_INFOPLIST_FILE = YES;
				INFOPLIST_FILE = LittleProduct/Info.plist;
				INFOPLIST_KEY_CFBundleDisplayName = "阿伦小粉书";
				INFOPLIST_KEY_UIApplicationSupportsIndirectInputEvents = YES;
				INFOPLIST_KEY_UILaunchStoryboardName = LaunchScreen;
				INFOPLIST_KEY_UIMainStoryboardFile = Main;
				INFOPLIST_KEY_UIStatusBarHidden = NO;
				INFOPLIST_KEY_UIStatusBarStyle = "";
				INFOPLIST_KEY_UISupportedInterfaceOrientations = UIInterfaceOrientationPortrait;
				IPHONEOS_DEPLOYMENT_TARGET = 15.0;
				LD_RUNPATH_SEARCH_PATHS = (
					"$(inherited)",
					"@executable_path/Frameworks",
				);
				MARKETING_VERSION = 1.0.0;
				PRODUCT_BUNDLE_IDENTIFIER = nowYouCanSee.org.LittleProduct;
				PRODUCT_NAME = "$(TARGET_NAME)";
				SUPPORTED_PLATFORMS = "iphoneos iphonesimulator";
				SUPPORTS_MACCATALYST = NO;
				SUPPORTS_MAC_DESIGNED_FOR_IPHONE_IPAD = NO;
				SUPPORTS_XR_DESIGNED_FOR_IPHONE_IPAD = NO;
				SWIFT_EMIT_LOC_STRINGS = YES;
				SWIFT_VERSION = 5.0;
				TARGETED_DEVICE_FAMILY = "1,2";
			};
			name = Release;
		};
/* End XCBuildConfiguration section */

/* Begin XCConfigurationList section */
		367871C22CA06A0D000AC951 /* Build configuration list for PBXProject "LittleProduct" */ = {
			isa = XCConfigurationList;
			buildConfigurations = (
				367871DC2CA06A0F000AC951 /* Debug */,
				367871DD2CA06A0F000AC951 /* Release */,
			);
			defaultConfigurationIsVisible = 0;
			defaultConfigurationName = Release;
		};
		367871DE2CA06A0F000AC951 /* Build configuration list for PBXNativeTarget "LittleProduct" */ = {
			isa = XCConfigurationList;
			buildConfigurations = (
				367871DF2CA06A0F000AC951 /* Debug */,
				367871E02CA06A0F000AC951 /* Release */,
			);
			defaultConfigurationIsVisible = 0;
			defaultConfigurationName = Release;
		};
/* End XCConfigurationList section */

/* Begin XCVersionGroup section */
		367871D32CA06A0D000AC951 /* LittleProduct.xcdatamodeld */ = {
			isa = XCVersionGroup;
			children = (
				367871D42CA06A0D000AC951 /* LittleProduct.xcdatamodel */,
			);
			currentVersion = 367871D42CA06A0D000AC951 /* LittleProduct.xcdatamodel */;
			path = LittleProduct.xcdatamodeld;
			sourceTree = "<group>";
			versionGroupType = wrapper.xcdatamodel;
		};
/* End XCVersionGroup section */
	};
	rootObject = 367871BF2CA06A0D000AC951 /* Project object */;
}
